{
  "lockfileVersion": 1,
  "configVersion": 1,
  "workspaces": {
    "": {
      "name": "stickynotes",
      "dependencies": {
        "@sleet-css/sticky-css": "latest",
        "dexie": "latest",
        "sv-router": "latest",
        "svelte": "latest",
      },
      "devDependencies": {
        "@rsbuild/core": "latest",
        "@rsbuild/plugin-svelte": "latest",
        "prettier-plugin-svelte": "latest",
        "svelte-check": "latest",
        "typescript": "latest",
      },
    },
  },
  "packages": {
    "@emnapi/core": ["@emnapi/core@1.10.0", "", { "dependencies": { "@emnapi/wasi-threads": "1.2.1", "tslib": "^2.4.0" } }, "sha512-yq6OkJ4p82CAfPl0u9mQebQHKPJkY7WrIuk205cTYnYe+k2Z8YBh11FrbRG/H6ihirqcacOgl2BIO8oyMQLeXw=="],

    "@emnapi/runtime": ["@emnapi/runtime@1.10.0", "", { "dependencies": { "tslib": "^2.4.0" } }, "sha512-ewvYlk86xUoGI0zQRNq/mC+16R1QeDlKQy21Ki3oSYXNgLb45GV1P6A0M+/s6nyCuNDqe5VpaY84BzXGwVbwFA=="],

    "@emnapi/wasi-threads": ["@emnapi/wasi-threads@1.2.1", "", { "dependencies": { "tslib": "^2.4.0" } }, "sha512-uTII7OYF+/Mes/MrcIOYp5yOtSMLBWSIoLPpcgwipoiKbli6k322tcoFsxoIIxPDqW01SQGAgko4EzZi2BNv2w=="],

    "@jridgewell/gen-mapping": ["@jridgewell/gen-mapping@0.3.13", "", { "dependencies": { "@jridgewell/sourcemap-codec": "^1.5.0", "@jridgewell/trace-mapping": "^0.3.24" } }, "sha512-2kkt/7niJ6MgEPxF0bYdQ6etZaA+fQvDcLKckhy1yIQOzaoKjBBjSj63/aLVjYE3qhRt5dvM+uUyfCg6UKCBbA=="],

    "@jridgewell/remapping": ["@jridgewell/remapping@2.3.5", "", { "dependencies": { "@jridgewell/gen-mapping": "^0.3.5", "@jridgewell/trace-mapping": "^0.3.24" } }, "sha512-LI9u/+laYG4Ds1TDKSJW2YPrIlcVYOwi2fUC6xB43lueCjgxV4lffOCZCtYFiH6TNOX+tQKXx97T4IKHbhyHEQ=="],

    "@jridgewell/resolve-uri": ["@jridgewell/resolve-uri@3.1.2", "", {}, "sha512-bRISgCIjP20/tbWSPWMEi54QVPRZExkuD9lJL+UIxUKtwVJA8wW1Trb1jMs1RFXo1CBTNZ/5hpC9QvmKWdopKw=="],

    "@jridgewell/sourcemap-codec": ["@jridgewell/sourcemap-codec@1.5.5", "", {}, "sha512-cYQ9310grqxueWbl+WuIUIaiUaDcj7WOq5fVhEljNVgRfOUhY9fy2zTvfoqWsnebh8Sl70VScFbICvJnLKB0Og=="],

    "@jridgewell/trace-mapping": ["@jridgewell/trace-mapping@0.3.31", "", { "dependencies": { "@jridgewell/resolve-uri": "^3.1.0", "@jridgewell/sourcemap-codec": "^1.4.14" } }, "sha512-zzNR+SdQSDJzc8joaeP8QQoCQr8NuYx2dIIytl1QeBEZHJ9uW6hebsrYgbz8hJwUQao3TWCMtmfV8Nu1twOLAw=="],

    "@napi-rs/wasm-runtime": ["@napi-rs/wasm-runtime@1.1.4", "", { "dependencies": { "@tybys/wasm-util": "^0.10.1" }, "peerDependencies": { "@emnapi/core": "^1.7.1", "@emnapi/runtime": "^1.7.1" } }, "sha512-3NQNNgA1YSlJb/kMH1ildASP9HW7/7kYnRI2szWJaofaS1hWmbGI4H+d3+22aGzXXN9IJ+n+GiFVcGipJP18ow=="],

    "@rsbuild/core": ["@rsbuild/core@2.0.0", "", { "dependencies": { "@rspack/core": "^2.0.0", "@swc/helpers": "^0.5.21" }, "peerDependencies": { "core-js": ">= 3.0.0" }, "optionalPeers": ["core-js"], "bin": { "rsbuild": "bin/rsbuild.js" } }, "sha512-RbVMK3/4l4g+yt2B/cQv+ardlfGroF1Lgcin3pYUbtsLXKPwDjJII8g0XoCvIgapu0kaA+32YmzKlnfnLGx2NA=="],

    "@rsbuild/plugin-svelte": ["@rsbuild/plugin-svelte@1.1.1", "", { "dependencies": { "svelte-loader": "3.2.4", "svelte-preprocess": "^6.0.3" }, "peerDependencies": { "@rsbuild/core": "^1.4.0 || ^2.0.0-0" }, "optionalPeers": ["@rsbuild/core"] }, "sha512-maRgnSH/8nAJKl8yhQyf8W07kzz/tOCK8zZLpOIL7dP1j3Pxir7Uiy98ikPq3fWhPIBBtIzpmY8FUaR44t2CJA=="],

    "@rspack/binding": ["@rspack/binding@2.0.0", "", { "optionalDependencies": { "@rspack/binding-darwin-arm64": "2.0.0", "@rspack/binding-darwin-x64": "2.0.0", "@rspack/binding-linux-arm64-gnu": "2.0.0", "@rspack/binding-linux-arm64-musl": "2.0.0", "@rspack/binding-linux-x64-gnu": "2.0.0", "@rspack/binding-linux-x64-musl": "2.0.0", "@rspack/binding-wasm32-wasi": "2.0.0", "@rspack/binding-win32-arm64-msvc": "2.0.0", "@rspack/binding-win32-ia32-msvc": "2.0.0", "@rspack/binding-win32-x64-msvc": "2.0.0" } }, "sha512-WA2f9eQpejkvf5Vrnf6wNCn1m8RT1p08NjgOZpKhsCzr0uBjWeRvGduawlrFFHZh/jPnWZTVaVdQ08FEAWbwGw=="],

    "@rspack/binding-darwin-arm64": ["@rspack/binding-darwin-arm64@2.0.0", "", { "os": "darwin", "cpu": "arm64" }, "sha512-ICBHDKYyndFqljLhjxvKfWWZu39RJSH2jkSmbceXl0kmptLSE0cLWpvk+eGSzLqtxKN0jVchwCw+5P5mWCzwAw=="],

    "@rspack/binding-darwin-x64": ["@rspack/binding-darwin-x64@2.0.0", "", { "os": "darwin", "cpu": "x64" }, "sha512-YQ96LMmzIzhZt9cZWUDWXSxS9UWWHWoLxJyZ5f42DSaVPVelBg5ThbVORDwOP5QDA2xFXj60rVnmmcZLzg/aDA=="],

    "@rspack/binding-linux-arm64-gnu": ["@rspack/binding-linux-arm64-gnu@2.0.0", "", { "os": "linux", "cpu": "arm64" }, "sha512-Ufn33gzkIV7JY69k6vJQEdOzRvBqThIgH46pwXksHSMwRZp8IbJhXfyYIAVsRWCk8fXpr9t1nAvCDvJXT2EeyA=="],

    "@rspack/binding-linux-arm64-musl": ["@rspack/binding-linux-arm64-musl@2.0.0", "", { "os": "linux", "cpu": "arm64" }, "sha512-CZbvFKlNY9UC0C+Czz6i8JFCzGpuL9oX8gEqcJA1+84Y6eEEBH50UiTzeCewxKW3dOofkZdvT5vgNMXz6aMUmg=="],

    "@rspack/binding-linux-x64-gnu": ["@rspack/binding-linux-x64-gnu@2.0.0", "", { "os": "linux", "cpu": "x64" }, "sha512-dPjFGpoCvZfFpJBsWAUR+PR7mWYxpou6L026qIOpAVkz7WiTzErwKD3P1jVrpP4dM9yLb3fVE+PHHjTglhTJ4g=="],

    "@rspack/binding-linux-x64-musl": ["@rspack/binding-linux-x64-musl@2.0.0", "", { "os": "linux", "cpu": "x64" }, "sha512-4fgDTMWt0mJDiugdia2mdOjTbnm7yM1Drzl1JpPqlUlOr113byOhc+qgN57LURSGypz2yz/h/Zad7/UnVAxYJw=="],

    "@rspack/binding-wasm32-wasi": ["@rspack/binding-wasm32-wasi@2.0.0", "", { "dependencies": { "@emnapi/core": "1.10.0", "@emnapi/runtime": "1.10.0", "@napi-rs/wasm-runtime": "1.1.4" }, "cpu": "none" }, "sha512-ANk73ZKtPrZf9gdtyRK2nQUfhi1uXoC5P2KF89pyVAE8+zcoLBnYtZGYpWa/cmNi5BcO5g4Z+v2l1UA3bUPLQQ=="],

    "@rspack/binding-win32-arm64-msvc": ["@rspack/binding-win32-arm64-msvc@2.0.0", "", { "os": "win32", "cpu": "arm64" }, "sha512-IHZFRtJ85ONbM+BCtF4TeYXS2Fu9X0IJS2phX1rPibYq9iEtHGfBt4cNlnsJPhbPAXVvi4Oli/yiLRJ1zxtCIg=="],

    "@rspack/binding-win32-ia32-msvc": ["@rspack/binding-win32-ia32-msvc@2.0.0", "", { "os": "win32", "cpu": "ia32" }, "sha512-n4tbIqacq/FhNJflMlgZV50AeQFTLh5hnDS3v4W+rJWa3IW1VfgB0+XppdeW+Dqhw7QcMIsCmro01kwNdlXZDQ=="],

    "@rspack/binding-win32-x64-msvc": ["@rspack/binding-win32-x64-msvc@2.0.0", "", { "os": "win32", "cpu": "x64" }, "sha512-cJOgikIW2t3S+42TQZsv+DJriJt2m6lnUk+pUFu/fO93rrMvNrx8gfMxR8W5zDTreBX0cfMx2pw6EVmyi/YzsQ=="],

    "@rspack/core": ["@rspack/core@2.0.0", "", { "dependencies": { "@rspack/binding": "2.0.0" }, "peerDependencies": { "@module-federation/runtime-tools": "^0.24.1 || ^2.0.0", "@swc/helpers": ">=0.5.1" }, "optionalPeers": ["@module-federation/runtime-tools", "@swc/helpers"] }, "sha512-WD1mJM9LbZ7Z399Rbv9dE3BNEV0+3sE5OzDdzV8hOxUb3mX++ynK5n9kil8w60B6nGdcKeV9ly5aN4PgqiwWUg=="],

    "@sleet-css/sticky-css": ["@sleet-css/sticky-css@0.0.4", "", {}, "sha512-6SRuDXa6WFe73lhvBh8zN8li2uq+5vJ2P2/eTM1fDoBv2Vjv8QbF2BtP4Obx5bU5rcPYH6ZBzfEhHVSFDm5mXQ=="],

    "@sveltejs/acorn-typescript": ["@sveltejs/acorn-typescript@1.0.9", "", { "peerDependencies": { "acorn": "^8.9.0" } }, "sha512-lVJX6qEgs/4DOcRTpo56tmKzVPtoWAaVbL4hfO7t7NVwl9AAXzQR6cihesW1BmNMPl+bK6dreu2sOKBP2Q9CIA=="],

    "@swc/helpers": ["@swc/helpers@0.5.21", "", { "dependencies": { "tslib": "^2.8.0" } }, "sha512-jI/VAmtdjB/RnI8GTnokyX7Ug8c+g+ffD6QRLa6XQewtnGyukKkKSk3wLTM3b5cjt1jNh9x0jfVlagdN2gDKQg=="],

    "@tybys/wasm-util": ["@tybys/wasm-util@0.10.1", "", { "dependencies": { "tslib": "^2.4.0" } }, "sha512-9tTaPJLSiejZKx+Bmog4uSubteqTvFrVrURwkmHixBo0G4seD0zUxp98E1DzUBJxLQ3NPwXrGKDiVjwx/DpPsg=="],

    "@types/estree": ["@types/estree@1.0.8", "", {}, "sha512-dWHzHa2WqEXI/O1E9OjrocMTKJl2mSrEolh1Iomrv6U+JuNwaHXsXx9bLu5gG7BUWFIN0skIQJQ/L1rIex4X6w=="],

    "@types/trusted-types": ["@types/trusted-types@2.0.7", "", {}, "sha512-ScaPdn1dQczgbl0QFTeTOmVHFULt394XJgOQNoyVhZ6r2vLnMLJfBPd53SB52T/3G36VI1/g2MZaX0cwDuXsfw=="],

    "acorn": ["acorn@8.16.0", "", { "bin": { "acorn": "bin/acorn" } }, "sha512-UVJyE9MttOsBQIDKw1skb9nAwQuR5wuGD3+82K6JgJlm/Y+KI92oNsMNGZCYdDsVtRHSak0pcV5Dno5+4jh9sw=="],

    "aria-query": ["aria-query@5.3.1", "", {}, "sha512-Z/ZeOgVl7bcSYZ/u/rh0fOpvEpq//LZmdbkXyc7syVzjPAhfOa9ebsdTSjEBDU4vs5nC98Kfduj1uFo0qyET3g=="],

    "axobject-query": ["axobject-query@4.1.0", "", {}, "sha512-qIj0G9wZbMGNLjLmg1PT6v2mE9AH2zlnADJD/2tC6E00hgmhUOfEB6greHPAfLRSufHqROIUTkw6E+M3lH0PTQ=="],

    "big.js": ["big.js@5.2.2", "", {}, "sha512-vyL2OymJxmarO8gxMr0mhChsO9QGwhynfuu4+MHTAW6czfq9humCB7rKpUjDd9YUiDPU4mzpyupFSvOClAwbmQ=="],

    "chokidar": ["chokidar@4.0.3", "", { "dependencies": { "readdirp": "^4.0.1" } }, "sha512-Qgzu8kfBvo+cA4962jnP1KkS6Dop5NS6g7R5LFYJr4b8Ub94PPQXUksCw9PvXoeXPRRddRNC5C1JQUR2SMGtnA=="],

    "clsx": ["clsx@2.1.1", "", {}, "sha512-eYm0QWBtUrBWZWG0d386OGAw16Z995PiOVo2B7bjWSbHedGl5e0ZWaq65kOGgUSNesEIDkB9ISbTg/JK9dhCZA=="],

    "devalue": ["devalue@5.7.1", "", {}, "sha512-MUbZ586EgQqdRnC4yDrlod3BEdyvE4TapGYHMW2CiaW+KkkFmWEFqBUaLltEZCGi0iFXCEjRF0OjF0DV2QHjOA=="],

    "dexie": ["dexie@4.4.2", "", {}, "sha512-zMtV8q79EFE5U8FKZvt0Y/77PCU/Hr/RDxv1EDeo228L+m/HTbeN2AjoQm674rhQCX8n3ljK87lajt7UQuZfvw=="],

    "emojis-list": ["emojis-list@3.0.0", "", {}, "sha512-/kyM18EfinwXZbno9FyUGeFh87KC8HRQBQGildHZbEuRyWFOmv1U10o9BBp8XVZDVNNuQKyIGIu5ZYAAXJ0V2Q=="],

    "esm-env": ["esm-env@1.2.2", "", {}, "sha512-Epxrv+Nr/CaL4ZcFGPJIYLWFom+YeV1DqMLHJoEd9SYRxNbaFruBwfEX/kkHUJf55j2+TUbmDcmuilbP1TmXHA=="],

    "esrap": ["esrap@2.2.5", "", { "dependencies": { "@jridgewell/sourcemap-codec": "^1.4.15" }, "peerDependencies": { "@typescript-eslint/types": "^8.2.0" }, "optionalPeers": ["@typescript-eslint/types"] }, "sha512-/yLB1538mag+dn0wsePTe8C0rDIjUOaJpMs2McodSzmM2msWcZsBSdRtg6HOBt0A/r82BN+Md3pgwSc/uWt2Ig=="],

    "fdir": ["fdir@6.5.0", "", { "peerDependencies": { "picomatch": "^3 || ^4" }, "optionalPeers": ["picomatch"] }, "sha512-tIbYtZbucOs0BRGqPJkshJUYdL+SDH7dVM8gjy+ERp3WAUjLEFJE+02kanyHtwjWOnwrKYBiwAmM0p4kLJAnXg=="],

    "is-reference": ["is-reference@3.0.3", "", { "dependencies": { "@types/estree": "^1.0.6" } }, "sha512-ixkJoqQvAP88E6wLydLGGqCJsrFUnqoH6HnaczB8XmDH1oaWU+xxdptvikTgaEhtZ53Ky6YXiBuUI2WXLMCwjw=="],

    "json5": ["json5@2.2.3", "", { "bin": { "json5": "lib/cli.js" } }, "sha512-XmOWe7eyHYH14cLdVPoyg+GOH3rYX++KpzrylJwSW98t3Nk+U8XOl8FWKOgwtzdb8lXGf6zYwDUzeHMWfxasyg=="],

    "loader-utils": ["loader-utils@2.0.4", "", { "dependencies": { "big.js": "^5.2.2", "emojis-list": "^3.0.0", "json5": "^2.1.2" } }, "sha512-xXqpXoINfFhgua9xiqD8fPFHgkoq1mmmpE92WlDbm9rNRd/EbRb+Gqf908T2DMfuHjjJlksiK2RbHVOdD/MqSw=="],

    "locate-character": ["locate-character@3.0.0", "", {}, "sha512-SW13ws7BjaeJ6p7Q6CO2nchbYEc3X3J6WrmTTDto7yMPqVSZTUyY5Tjbid+Ab8gLnATtygYtiDIJGQRRn2ZOiA=="],

    "magic-string": ["magic-string@0.30.21", "", { "dependencies": { "@jridgewell/sourcemap-codec": "^1.5.5" } }, "sha512-vd2F4YUyEXKGcLHoq+TEyCjxueSeHnFxyyjNp80yg0XV4vUhnDer/lvvlqM/arB5bXQN5K2/3oinyCRyx8T2CQ=="],

    "mri": ["mri@1.2.0", "", {}, "sha512-tzzskb3bG8LvYGFF/mDTpq3jpI6Q9wc3LEmBaghu+DdCssd1FakN7Bc0hVNmEyGq1bq3RgfkCb3cmQLpNPOroA=="],

    "picocolors": ["picocolors@1.1.1", "", {}, "sha512-xceH2snhtb5M9liqDsmEw56le376mTZkEX/jEb/RxNFyegNul7eNslCXP9FDj/Lcu0X8KEyMceP2ntpaHrDEVA=="],

    "prettier": ["prettier@3.8.3", "", { "bin": { "prettier": "bin/prettier.cjs" } }, "sha512-7igPTM53cGHMW8xWuVTydi2KO233VFiTNyF5hLJqpilHfmn8C8gPf+PS7dUT64YcXFbiMGZxS9pCSxL/Dxm/Jw=="],

    "prettier-plugin-svelte": ["prettier-plugin-svelte@3.5.1", "", { "peerDependencies": { "prettier": "^3.0.0", "svelte": "^3.2.0 || ^4.0.0-next.0 || ^5.0.0-next.0" } }, "sha512-65+fr5+cgIKWKiqM1Doum4uX6bY8iFCdztvvp2RcF+AJoieaw9kJOFMNcJo/bkmKYsxFaM9OsVZK/gWauG/5mg=="],

    "readdirp": ["readdirp@4.1.2", "", {}, "sha512-GDhwkLfywWL2s6vEjyhri+eXmfH6j1L7JE27WhqLeYzoh/A3DBaYGEj2H/HFZCn/kMfim73FXxEJTw06WtxQwg=="],

    "sade": ["sade@1.8.1", "", { "dependencies": { "mri": "^1.1.0" } }, "sha512-xal3CZX1Xlo/k4ApwCFrHVACi9fBqJ7V+mwhBsuf/1IOKbBy098Fex+Wa/5QMubw09pSZ/u8EY8PWgevJsXp1A=="],

    "sv-router": ["sv-router@0.16.0", "", { "dependencies": { "esm-env": "^1.2.2" }, "peerDependencies": { "svelte": "^5" }, "bin": { "sv-router": "src/cli/index.js" } }, "sha512-x5SiV6Hp6GRmGXAgu1H4g/x9oKhVIMeUwYodA+QF1JdzcWsCXsOGyWjcwjSNR+Mw2iiculGPynpys8MfA6PJRA=="],

    "svelte": ["svelte@5.55.4", "", { "dependencies": { "@jridgewell/remapping": "^2.3.4", "@jridgewell/sourcemap-codec": "^1.5.0", "@sveltejs/acorn-typescript": "^1.0.5", "@types/estree": "^1.0.5", "@types/trusted-types": "^2.0.7", "acorn": "^8.12.1", "aria-query": "5.3.1", "axobject-query": "^4.1.0", "clsx": "^2.1.1", "devalue": "^5.6.4", "esm-env": "^1.2.1", "esrap": "^2.2.4", "is-reference": "^3.0.3", "locate-character": "^3.0.0", "magic-string": "^0.30.11", "zimmerframe": "^1.1.2" } }, "sha512-q8DFohk6vUswSng95IZb9nzWJnbINZsK7OiM1snAa3qCjJBL0ZQpvMyAaVXjUukdM75J/m8UE8xwqat8Ors/zQ=="],

    "svelte-check": ["svelte-check@4.4.6", "", { "dependencies": { "@jridgewell/trace-mapping": "^0.3.25", "chokidar": "^4.0.1", "fdir": "^6.2.0", "picocolors": "^1.0.0", "sade": "^1.7.4" }, "peerDependencies": { "svelte": "^4.0.0 || ^5.0.0-next.0", "typescript": ">=5.0.0" }, "bin": { "svelte-check": "bin/svelte-check" } }, "sha512-kP1zG81EWaFe9ZyTv4ZXv44Csi6Pkdpb7S3oj6m+K2ec/IcDg/a8LsFsnVLqm2nxtkSwsd5xPj/qFkTBgXHXjg=="],

    "svelte-dev-helper": ["svelte-dev-helper@1.1.9", "", {}, "sha512-oU+Xv7Dl4kRU2kdFjsoPLfJfnt5hUhsFUZtuzI3Ku/f2iAFZqBoEuXOqK3N9ngD4dxQOmN4OKWPHVi3NeAeAfQ=="],

    "svelte-hmr": ["svelte-hmr@0.14.12", "", { "peerDependencies": { "svelte": ">=3.19.0" } }, "sha512-4QSW/VvXuqVcFZ+RhxiR8/newmwOCTlbYIezvkeN6302YFRE8cXy0naamHcjz8Y9Ce3ITTZtrHrIL0AGfyo61w=="],

    "svelte-loader": ["svelte-loader@3.2.4", "", { "dependencies": { "loader-utils": "^2.0.4", "svelte-dev-helper": "^1.1.9", "svelte-hmr": "^0.14.2" }, "peerDependencies": { "svelte": "^3.0.0 || ^4.0.0-next.0 || ^5.0.0-next.1" } }, "sha512-e0HdDnkYH/MDx4/IfTSka5AOFg9yYJcPuoZJB5x0l60fkHjVjNvrrxr+rJegDG9J7ZymmdHt00/hdLw+QF299w=="],

    "svelte-preprocess": ["svelte-preprocess@6.0.3", "", { "peerDependencies": { "@babel/core": "^7.10.2", "coffeescript": "^2.5.1", "less": "^3.11.3 || ^4.0.0", "postcss": "^7 || ^8", "postcss-load-config": ">=3", "pug": "^3.0.0", "sass": "^1.26.8", "stylus": ">=0.55", "sugarss": "^2.0.0 || ^3.0.0 || ^4.0.0", "svelte": "^4.0.0 || ^5.0.0-next.100 || ^5.0.0", "typescript": "^5.0.0" }, "optionalPeers": ["@babel/core", "coffeescript", "less", "postcss", "postcss-load-config", "pug", "sass", "stylus", "sugarss", "typescript"] }, "sha512-PLG2k05qHdhmRG7zR/dyo5qKvakhm8IJ+hD2eFRQmMLHp7X3eJnjeupUtvuRpbNiF31RjVw45W+abDwHEmP5OA=="],

    "tslib": ["tslib@2.8.1", "", {}, "sha512-oJFu94HQb+KVduSUQL7wnpmqnfmLsOA/nAh6b6EH0wCEoK0/mPeXU6c3wKDV83MkOuHPRHtSXKKU99IBazS/2w=="],

    "typescript": ["typescript@6.0.3", "", { "bin": { "tsc": "bin/tsc", "tsserver": "bin/tsserver" } }, "sha512-y2TvuxSZPDyQakkFRPZHKFm+KKVqIisdg9/CZwm9ftvKXLP8NRWj38/ODjNbr43SsoXqNuAisEf1GdCxqWcdBw=="],

    "zimmerframe": ["zimmerframe@1.1.4", "", {}, "sha512-B58NGBEoc8Y9MWWCQGl/gq9xBCe4IiKM0a2x7GZdQKOW5Exr8S1W24J6OgM1njK8xCRGvAJIL/MxXHf6SkmQKQ=="],
  }
}
