{
  "lockfileVersion": 1,
  "configVersion": 1,
  "workspaces": {
    "": {
      "name": "stickynotes",
      "dependencies": {
        "@sleet-css/sticky-css": "^0.0.2",
        "svelte": "^5.46.1",
      },
      "devDependencies": {
        "@rsbuild/core": "^1.7.1",
        "@rsbuild/plugin-svelte": "^1.0.11",
        "svelte-check": "^4.3.5",
        "typescript": "^5.9.3",
      },
    },
  },
  "packages": {
    "@emnapi/core": ["@emnapi/core@1.9.2", "", { "dependencies": { "@emnapi/wasi-threads": "1.2.1", "tslib": "^2.4.0" } }, "sha512-UC+ZhH3XtczQYfOlu3lNEkdW/p4dsJ1r/bP7H8+rhao3TTTMO1ATq/4DdIi23XuGoFY+Cz0JmCbdVl0hz9jZcA=="],

    "@emnapi/runtime": ["@emnapi/runtime@1.9.2", "", { "dependencies": { "tslib": "^2.4.0" } }, "sha512-3U4+MIWHImeyu1wnmVygh5WlgfYDtyf0k8AbLhMFxOipihf6nrWC4syIm/SwEeec0mNSafiiNnMJwbza/Is6Lw=="],

    "@emnapi/wasi-threads": ["@emnapi/wasi-threads@1.2.1", "", { "dependencies": { "tslib": "^2.4.0" } }, "sha512-uTII7OYF+/Mes/MrcIOYp5yOtSMLBWSIoLPpcgwipoiKbli6k322tcoFsxoIIxPDqW01SQGAgko4EzZi2BNv2w=="],

    "@jridgewell/gen-mapping": ["@jridgewell/gen-mapping@0.3.13", "", { "dependencies": { "@jridgewell/sourcemap-codec": "^1.5.0", "@jridgewell/trace-mapping": "^0.3.24" } }, "sha512-2kkt/7niJ6MgEPxF0bYdQ6etZaA+fQvDcLKckhy1yIQOzaoKjBBjSj63/aLVjYE3qhRt5dvM+uUyfCg6UKCBbA=="],

    "@jridgewell/remapping": ["@jridgewell/remapping@2.3.5", "", { "dependencies": { "@jridgewell/gen-mapping": "^0.3.5", "@jridgewell/trace-mapping": "^0.3.24" } }, "sha512-LI9u/+laYG4Ds1TDKSJW2YPrIlcVYOwi2fUC6xB43lueCjgxV4lffOCZCtYFiH6TNOX+tQKXx97T4IKHbhyHEQ=="],

    "@jridgewell/resolve-uri": ["@jridgewell/resolve-uri@3.1.2", "", {}, "sha512-bRISgCIjP20/tbWSPWMEi54QVPRZExkuD9lJL+UIxUKtwVJA8wW1Trb1jMs1RFXo1CBTNZ/5hpC9QvmKWdopKw=="],

    "@jridgewell/sourcemap-codec": ["@jridgewell/sourcemap-codec@1.5.5", "", {}, "sha512-cYQ9310grqxueWbl+WuIUIaiUaDcj7WOq5fVhEljNVgRfOUhY9fy2zTvfoqWsnebh8Sl70VScFbICvJnLKB0Og=="],

    "@jridgewell/trace-mapping": ["@jridgewell/trace-mapping@0.3.31", "", { "dependencies": { "@jridgewell/resolve-uri": "^3.1.0", "@jridgewell/sourcemap-codec": "^1.4.14" } }, "sha512-zzNR+SdQSDJzc8joaeP8QQoCQr8NuYx2dIIytl1QeBEZHJ9uW6hebsrYgbz8hJwUQao3TWCMtmfV8Nu1twOLAw=="],

    "@module-federation/error-codes": ["@module-federation/error-codes@0.22.0", "", {}, "sha512-xF9SjnEy7vTdx+xekjPCV5cIHOGCkdn3pIxo9vU7gEZMIw0SvAEdsy6Uh17xaCpm8V0FWvR0SZoK9Ik6jGOaug=="],

    "@module-federation/runtime": ["@module-federation/runtime@0.22.0", "", { "dependencies": { "@module-federation/error-codes": "0.22.0", "@module-federation/runtime-core": "0.22.0", "@module-federation/sdk": "0.22.0" } }, "sha512-38g5iPju2tPC3KHMPxRKmy4k4onNp6ypFPS1eKGsNLUkXgHsPMBFqAjDw96iEcjri91BrahG4XcdyKi97xZzlA=="],

    "@module-federation/runtime-core": ["@module-federation/runtime-core@0.22.0", "", { "dependencies": { "@module-federation/error-codes": "0.22.0", "@module-federation/sdk": "0.22.0" } }, "sha512-GR1TcD6/s7zqItfhC87zAp30PqzvceoeDGYTgF3Vx2TXvsfDrhP6Qw9T4vudDQL3uJRne6t7CzdT29YyVxlgIA=="],

    "@module-federation/runtime-tools": ["@module-federation/runtime-tools@0.22.0", "", { "dependencies": { "@module-federation/runtime": "0.22.0", "@module-federation/webpack-bundler-runtime": "0.22.0" } }, "sha512-4ScUJ/aUfEernb+4PbLdhM/c60VHl698Gn1gY21m9vyC1Ucn69fPCA1y2EwcCB7IItseRMoNhdcWQnzt/OPCNA=="],

    "@module-federation/sdk": ["@module-federation/sdk@0.22.0", "", {}, "sha512-x4aFNBKn2KVQRuNVC5A7SnrSCSqyfIWmm1DvubjbO9iKFe7ith5niw8dqSFBekYBg2Fwy+eMg4sEFNVvCAdo6g=="],

    "@module-federation/webpack-bundler-runtime": ["@module-federation/webpack-bundler-runtime@0.22.0", "", { "dependencies": { "@module-federation/runtime": "0.22.0", "@module-federation/sdk": "0.22.0" } }, "sha512-aM8gCqXu+/4wBmJtVeMeeMN5guw3chf+2i6HajKtQv7SJfxV/f4IyNQJUeUQu9HfiAZHjqtMV5Lvq/Lvh8LdyA=="],

    "@napi-rs/wasm-runtime": ["@napi-rs/wasm-runtime@1.0.7", "", { "dependencies": { "@emnapi/core": "^1.5.0", "@emnapi/runtime": "^1.5.0", "@tybys/wasm-util": "^0.10.1" } }, "sha512-SeDnOO0Tk7Okiq6DbXmmBODgOAb9dp9gjlphokTUxmt8U3liIP1ZsozBahH69j/RJv+Rfs6IwUKHTgQYJ/HBAw=="],

    "@rsbuild/core": ["@rsbuild/core@1.7.5", "", { "dependencies": { "@rspack/core": "~1.7.10", "@rspack/lite-tapable": "~1.1.0", "@swc/helpers": "^0.5.20", "core-js": "~3.47.0", "jiti": "^2.6.1" }, "bin": { "rsbuild": "bin/rsbuild.js" } }, "sha512-i37urpoV4y9NSsGiUOuLdoI42KJ5h4gAZ8EG8Ilmsond3bxoAoOCu7YvC+1pJ7p+r16suVPW8cki891ZKHOoXQ=="],

    "@rsbuild/plugin-svelte": ["@rsbuild/plugin-svelte@1.1.1", "", { "dependencies": { "svelte-loader": "3.2.4", "svelte-preprocess": "^6.0.3" }, "peerDependencies": { "@rsbuild/core": "^1.4.0 || ^2.0.0-0" }, "optionalPeers": ["@rsbuild/core"] }, "sha512-maRgnSH/8nAJKl8yhQyf8W07kzz/tOCK8zZLpOIL7dP1j3Pxir7Uiy98ikPq3fWhPIBBtIzpmY8FUaR44t2CJA=="],

    "@rspack/binding": ["@rspack/binding@1.7.11", "", { "optionalDependencies": { "@rspack/binding-darwin-arm64": "1.7.11", "@rspack/binding-darwin-x64": "1.7.11", "@rspack/binding-linux-arm64-gnu": "1.7.11", "@rspack/binding-linux-arm64-musl": "1.7.11", "@rspack/binding-linux-x64-gnu": "1.7.11", "@rspack/binding-linux-x64-musl": "1.7.11", "@rspack/binding-wasm32-wasi": "1.7.11", "@rspack/binding-win32-arm64-msvc": "1.7.11", "@rspack/binding-win32-ia32-msvc": "1.7.11", "@rspack/binding-win32-x64-msvc": "1.7.11" } }, "sha512-2MGdy2s2HimsDT444Bp5XnALzNRxuBNc7y0JzyuqKbHBywd4x2NeXyhWXXoxufaCFu5PBc9Qq9jyfjW2Aeh06Q=="],

    "@rspack/binding-darwin-arm64": ["@rspack/binding-darwin-arm64@1.7.11", "", { "os": "darwin", "cpu": "arm64" }, "sha512-oduECiZVqbO5zlVw+q7Vy65sJFth99fWPTyucwvLJJtJkPL5n17Uiql2cYP6Ijn0pkqtf1SXgK8WjiKLG5bIig=="],

    "@rspack/binding-darwin-x64": ["@rspack/binding-darwin-x64@1.7.11", "", { "os": "darwin", "cpu": "x64" }, "sha512-a1+TtTE9ap6RalgFi7FGIgkJP6O4Vy6ctv+9WGJy53E4kuqHR0RygzaiVxCI/GMc/vBT9vY23hyrpWb3d1vtXA=="],

    "@rspack/binding-linux-arm64-gnu": ["@rspack/binding-linux-arm64-gnu@1.7.11", "", { "os": "linux", "cpu": "arm64" }, "sha512-P0QrGRPbTWu6RKWfN0bDtbnEps3rXH0MWIMreZABoUrVmNQKtXR6e73J3ub6a+di5s2+K0M2LJ9Bh2/H4UsDUA=="],

    "@rspack/binding-linux-arm64-musl": ["@rspack/binding-linux-arm64-musl@1.7.11", "", { "os": "linux", "cpu": "arm64" }, "sha512-6ky7R43VMjWwmx3Yx7Jl7faLBBMAgMDt+/bN35RgwjiPgsIByz65EwytUVuW9rikB43BGHvA/eqlnjLrUzNBqw=="],

    "@rspack/binding-linux-x64-gnu": ["@rspack/binding-linux-x64-gnu@1.7.11", "", { "os": "linux", "cpu": "x64" }, "sha512-cuOJMfCOvb2Wgsry5enXJ3iT1FGUjdPqtGUBVupQlEG4ntSYsQ2PtF4wIDVasR3wdxC5nQbipOrDiN/u6fYsdQ=="],

    "@rspack/binding-linux-x64-musl": ["@rspack/binding-linux-x64-musl@1.7.11", "", { "os": "linux", "cpu": "x64" }, "sha512-CoK37hva4AmHGh3VCsQXmGr40L36m1/AdnN5LEjUX6kx5rEH7/1nEBN6Ii72pejqDVvk9anEROmPDiPw10tpFg=="],

    "@rspack/binding-wasm32-wasi": ["@rspack/binding-wasm32-wasi@1.7.11", "", { "dependencies": { "@napi-rs/wasm-runtime": "1.0.7" }, "cpu": "none" }, "sha512-OtrmnPUVJMxjNa3eDMfHyPdtlLRmmp/aIm0fQHlAOATbZvlGm12q7rhPW5BXTu1yh+1rQ1/uqvz+SzKEZXuJaQ=="],

    "@rspack/binding-win32-arm64-msvc": ["@rspack/binding-win32-arm64-msvc@1.7.11", "", { "os": "win32", "cpu": "arm64" }, "sha512-lObFW6e5lCWNgTBNwT//yiEDbsxm9QG4BYUojqeXxothuzJ/L6ibXz6+gLMvbOvLGV3nKgkXmx8GvT9WDKR0mA=="],

    "@rspack/binding-win32-ia32-msvc": ["@rspack/binding-win32-ia32-msvc@1.7.11", "", { "os": "win32", "cpu": "ia32" }, "sha512-0pYGnZd8PPqNR68zQ8skamqNAXEA1sUfXuAdYcknIIRq2wsbiwFzIc0Pov1cIfHYab37G7sSIPBiOUdOWF5Ivw=="],

    "@rspack/binding-win32-x64-msvc": ["@rspack/binding-win32-x64-msvc@1.7.11", "", { "os": "win32", "cpu": "x64" }, "sha512-EeQXayoQk/uBkI3pdoXfQBXNIUrADq56L3s/DFyM2pJeUDrWmhfIw2UFIGkYPTMSCo8F2JcdcGM32FGJrSnU0Q=="],

    "@rspack/core": ["@rspack/core@1.7.11", "", { "dependencies": { "@module-federation/runtime-tools": "0.22.0", "@rspack/binding": "1.7.11", "@rspack/lite-tapable": "1.1.0" }, "peerDependencies": { "@swc/helpers": ">=0.5.1" }, "optionalPeers": ["@swc/helpers"] }, "sha512-rsD9b+Khmot5DwCMiB3cqTQo53ioPG3M/A7BySu8+0+RS7GCxKm+Z+mtsjtG/vsu4Tn2tcqCdZtA3pgLoJB+ew=="],

    "@rspack/lite-tapable": ["@rspack/lite-tapable@1.1.0", "", {}, "sha512-E2B0JhYFmVAwdDiG14+DW0Di4Ze4Jg10Pc4/lILUrd5DRCaklduz2OvJ5HYQ6G+hd+WTzqQb3QnDNfK4yvAFYw=="],

    "@sleet-css/sticky-css": ["@sleet-css/sticky-css@0.0.2", "", {}, "sha512-1QKC+kvSofRxka3TAOPzE5fp9XqaXto9J5KpppgkEaQGdi9zS/vQNDzJzjZEJMDc2Y99RIF5TU2CZwJZ94IeLQ=="],

    "@sveltejs/acorn-typescript": ["@sveltejs/acorn-typescript@1.0.9", "", { "peerDependencies": { "acorn": "^8.9.0" } }, "sha512-lVJX6qEgs/4DOcRTpo56tmKzVPtoWAaVbL4hfO7t7NVwl9AAXzQR6cihesW1BmNMPl+bK6dreu2sOKBP2Q9CIA=="],

    "@swc/helpers": ["@swc/helpers@0.5.21", "", { "dependencies": { "tslib": "^2.8.0" } }, "sha512-jI/VAmtdjB/RnI8GTnokyX7Ug8c+g+ffD6QRLa6XQewtnGyukKkKSk3wLTM3b5cjt1jNh9x0jfVlagdN2gDKQg=="],

    "@tybys/wasm-util": ["@tybys/wasm-util@0.10.1", "", { "dependencies": { "tslib": "^2.4.0" } }, "sha512-9tTaPJLSiejZKx+Bmog4uSubteqTvFrVrURwkmHixBo0G4seD0zUxp98E1DzUBJxLQ3NPwXrGKDiVjwx/DpPsg=="],

    "@types/estree": ["@types/estree@1.0.8", "", {}, "sha512-dWHzHa2WqEXI/O1E9OjrocMTKJl2mSrEolh1Iomrv6U+JuNwaHXsXx9bLu5gG7BUWFIN0skIQJQ/L1rIex4X6w=="],

    "@types/trusted-types": ["@types/trusted-types@2.0.7", "", {}, "sha512-ScaPdn1dQczgbl0QFTeTOmVHFULt394XJgOQNoyVhZ6r2vLnMLJfBPd53SB52T/3G36VI1/g2MZaX0cwDuXsfw=="],

    "acorn": ["acorn@8.16.0", "", { "bin": { "acorn": "bin/acorn" } }, "sha512-UVJyE9MttOsBQIDKw1skb9nAwQuR5wuGD3+82K6JgJlm/Y+KI92oNsMNGZCYdDsVtRHSak0pcV5Dno5+4jh9sw=="],

    "aria-query": ["aria-query@5.3.1", "", {}, "sha512-Z/ZeOgVl7bcSYZ/u/rh0fOpvEpq//LZmdbkXyc7syVzjPAhfOa9ebsdTSjEBDU4vs5nC98Kfduj1uFo0qyET3g=="],

    "axobject-query": ["axobject-query@4.1.0", "", {}, "sha512-qIj0G9wZbMGNLjLmg1PT6v2mE9AH2zlnADJD/2tC6E00hgmhUOfEB6greHPAfLRSufHqROIUTkw6E+M3lH0PTQ=="],

    "big.js": ["big.js@5.2.2", "", {}, "sha512-vyL2OymJxmarO8gxMr0mhChsO9QGwhynfuu4+MHTAW6czfq9humCB7rKpUjDd9YUiDPU4mzpyupFSvOClAwbmQ=="],

    "chokidar": ["chokidar@4.0.3", "", { "dependencies": { "readdirp": "^4.0.1" } }, "sha512-Qgzu8kfBvo+cA4962jnP1KkS6Dop5NS6g7R5LFYJr4b8Ub94PPQXUksCw9PvXoeXPRRddRNC5C1JQUR2SMGtnA=="],

    "clsx": ["clsx@2.1.1", "", {}, "sha512-eYm0QWBtUrBWZWG0d386OGAw16Z995PiOVo2B7bjWSbHedGl5e0ZWaq65kOGgUSNesEIDkB9ISbTg/JK9dhCZA=="],

    "core-js": ["core-js@3.47.0", "", {}, "sha512-c3Q2VVkGAUyupsjRnaNX6u8Dq2vAdzm9iuPj5FW0fRxzlxgq9Q39MDq10IvmQSpLgHQNyQzQmOo6bgGHmH3NNg=="],

    "devalue": ["devalue@5.7.1", "", {}, "sha512-MUbZ586EgQqdRnC4yDrlod3BEdyvE4TapGYHMW2CiaW+KkkFmWEFqBUaLltEZCGi0iFXCEjRF0OjF0DV2QHjOA=="],

    "emojis-list": ["emojis-list@3.0.0", "", {}, "sha512-/kyM18EfinwXZbno9FyUGeFh87KC8HRQBQGildHZbEuRyWFOmv1U10o9BBp8XVZDVNNuQKyIGIu5ZYAAXJ0V2Q=="],

    "esm-env": ["esm-env@1.2.2", "", {}, "sha512-Epxrv+Nr/CaL4ZcFGPJIYLWFom+YeV1DqMLHJoEd9SYRxNbaFruBwfEX/kkHUJf55j2+TUbmDcmuilbP1TmXHA=="],

    "esrap": ["esrap@2.2.5", "", { "dependencies": { "@jridgewell/sourcemap-codec": "^1.4.15" }, "peerDependencies": { "@typescript-eslint/types": "^8.2.0" }, "optionalPeers": ["@typescript-eslint/types"] }, "sha512-/yLB1538mag+dn0wsePTe8C0rDIjUOaJpMs2McodSzmM2msWcZsBSdRtg6HOBt0A/r82BN+Md3pgwSc/uWt2Ig=="],

    "fdir": ["fdir@6.5.0", "", { "peerDependencies": { "picomatch": "^3 || ^4" }, "optionalPeers": ["picomatch"] }, "sha512-tIbYtZbucOs0BRGqPJkshJUYdL+SDH7dVM8gjy+ERp3WAUjLEFJE+02kanyHtwjWOnwrKYBiwAmM0p4kLJAnXg=="],

    "is-reference": ["is-reference@3.0.3", "", { "dependencies": { "@types/estree": "^1.0.6" } }, "sha512-ixkJoqQvAP88E6wLydLGGqCJsrFUnqoH6HnaczB8XmDH1oaWU+xxdptvikTgaEhtZ53Ky6YXiBuUI2WXLMCwjw=="],

    "jiti": ["jiti@2.6.1", "", { "bin": { "jiti": "lib/jiti-cli.mjs" } }, "sha512-ekilCSN1jwRvIbgeg/57YFh8qQDNbwDb9xT/qu2DAHbFFZUicIl4ygVaAvzveMhMVr3LnpSKTNnwt8PoOfmKhQ=="],

    "json5": ["json5@2.2.3", "", { "bin": { "json5": "lib/cli.js" } }, "sha512-XmOWe7eyHYH14cLdVPoyg+GOH3rYX++KpzrylJwSW98t3Nk+U8XOl8FWKOgwtzdb8lXGf6zYwDUzeHMWfxasyg=="],

    "loader-utils": ["loader-utils@2.0.4", "", { "dependencies": { "big.js": "^5.2.2", "emojis-list": "^3.0.0", "json5": "^2.1.2" } }, "sha512-xXqpXoINfFhgua9xiqD8fPFHgkoq1mmmpE92WlDbm9rNRd/EbRb+Gqf908T2DMfuHjjJlksiK2RbHVOdD/MqSw=="],

    "locate-character": ["locate-character@3.0.0", "", {}, "sha512-SW13ws7BjaeJ6p7Q6CO2nchbYEc3X3J6WrmTTDto7yMPqVSZTUyY5Tjbid+Ab8gLnATtygYtiDIJGQRRn2ZOiA=="],

    "magic-string": ["magic-string@0.30.21", "", { "dependencies": { "@jridgewell/sourcemap-codec": "^1.5.5" } }, "sha512-vd2F4YUyEXKGcLHoq+TEyCjxueSeHnFxyyjNp80yg0XV4vUhnDer/lvvlqM/arB5bXQN5K2/3oinyCRyx8T2CQ=="],

    "mri": ["mri@1.2.0", "", {}, "sha512-tzzskb3bG8LvYGFF/mDTpq3jpI6Q9wc3LEmBaghu+DdCssd1FakN7Bc0hVNmEyGq1bq3RgfkCb3cmQLpNPOroA=="],

    "picocolors": ["picocolors@1.1.1", "", {}, "sha512-xceH2snhtb5M9liqDsmEw56le376mTZkEX/jEb/RxNFyegNul7eNslCXP9FDj/Lcu0X8KEyMceP2ntpaHrDEVA=="],

    "readdirp": ["readdirp@4.1.2", "", {}, "sha512-GDhwkLfywWL2s6vEjyhri+eXmfH6j1L7JE27WhqLeYzoh/A3DBaYGEj2H/HFZCn/kMfim73FXxEJTw06WtxQwg=="],

    "sade": ["sade@1.8.1", "", { "dependencies": { "mri": "^1.1.0" } }, "sha512-xal3CZX1Xlo/k4ApwCFrHVACi9fBqJ7V+mwhBsuf/1IOKbBy098Fex+Wa/5QMubw09pSZ/u8EY8PWgevJsXp1A=="],

    "svelte": ["svelte@5.55.3", "", { "dependencies": { "@jridgewell/remapping": "^2.3.4", "@jridgewell/sourcemap-codec": "^1.5.0", "@sveltejs/acorn-typescript": "^1.0.5", "@types/estree": "^1.0.5", "@types/trusted-types": "^2.0.7", "acorn": "^8.12.1", "aria-query": "5.3.1", "axobject-query": "^4.1.0", "clsx": "^2.1.1", "devalue": "^5.6.4", "esm-env": "^1.2.1", "esrap": "^2.2.4", "is-reference": "^3.0.3", "locate-character": "^3.0.0", "magic-string": "^0.30.11", "zimmerframe": "^1.1.2" } }, "sha512-dS1N+i3bA1v+c4UDb750MlN5vCO82G6vxh8HeTsPsTdJ1BLsN1zxSyDlIdBBqUjqZ/BxEwM8UrFf98aaoVnZFQ=="],

    "svelte-check": ["svelte-check@4.4.6", "", { "dependencies": { "@jridgewell/trace-mapping": "^0.3.25", "chokidar": "^4.0.1", "fdir": "^6.2.0", "picocolors": "^1.0.0", "sade": "^1.7.4" }, "peerDependencies": { "svelte": "^4.0.0 || ^5.0.0-next.0", "typescript": ">=5.0.0" }, "bin": { "svelte-check": "bin/svelte-check" } }, "sha512-kP1zG81EWaFe9ZyTv4ZXv44Csi6Pkdpb7S3oj6m+K2ec/IcDg/a8LsFsnVLqm2nxtkSwsd5xPj/qFkTBgXHXjg=="],

    "svelte-dev-helper": ["svelte-dev-helper@1.1.9", "", {}, "sha512-oU+Xv7Dl4kRU2kdFjsoPLfJfnt5hUhsFUZtuzI3Ku/f2iAFZqBoEuXOqK3N9ngD4dxQOmN4OKWPHVi3NeAeAfQ=="],

    "svelte-hmr": ["svelte-hmr@0.14.12", "", { "peerDependencies": { "svelte": ">=3.19.0" } }, "sha512-4QSW/VvXuqVcFZ+RhxiR8/newmwOCTlbYIezvkeN6302YFRE8cXy0naamHcjz8Y9Ce3ITTZtrHrIL0AGfyo61w=="],

    "svelte-loader": ["svelte-loader@3.2.4", "", { "dependencies": { "loader-utils": "^2.0.4", "svelte-dev-helper": "^1.1.9", "svelte-hmr": "^0.14.2" }, "peerDependencies": { "svelte": "^3.0.0 || ^4.0.0-next.0 || ^5.0.0-next.1" } }, "sha512-e0HdDnkYH/MDx4/IfTSka5AOFg9yYJcPuoZJB5x0l60fkHjVjNvrrxr+rJegDG9J7ZymmdHt00/hdLw+QF299w=="],

    "svelte-preprocess": ["svelte-preprocess@6.0.3", "", { "peerDependencies": { "@babel/core": "^7.10.2", "coffeescript": "^2.5.1", "less": "^3.11.3 || ^4.0.0", "postcss": "^7 || ^8", "postcss-load-config": ">=3", "pug": "^3.0.0", "sass": "^1.26.8", "stylus": ">=0.55", "sugarss": "^2.0.0 || ^3.0.0 || ^4.0.0", "svelte": "^4.0.0 || ^5.0.0-next.100 || ^5.0.0", "typescript": "^5.0.0" }, "optionalPeers": ["@babel/core", "coffeescript", "less", "postcss", "postcss-load-config", "pug", "sass", "stylus", "sugarss", "typescript"] }, "sha512-PLG2k05qHdhmRG7zR/dyo5qKvakhm8IJ+hD2eFRQmMLHp7X3eJnjeupUtvuRpbNiF31RjVw45W+abDwHEmP5OA=="],

    "tslib": ["tslib@2.8.1", "", {}, "sha512-oJFu94HQb+KVduSUQL7wnpmqnfmLsOA/nAh6b6EH0wCEoK0/mPeXU6c3wKDV83MkOuHPRHtSXKKU99IBazS/2w=="],

    "typescript": ["typescript@5.9.3", "", { "bin": { "tsc": "bin/tsc", "tsserver": "bin/tsserver" } }, "sha512-jl1vZzPDinLr9eUt3J/t7V6FgNEw9QjvBPdysz9KfQDD41fQrC2Y4vKQdiaUpFT4bXlb1RHhLpp8wtm6M5TgSw=="],

    "zimmerframe": ["zimmerframe@1.1.4", "", {}, "sha512-B58NGBEoc8Y9MWWCQGl/gq9xBCe4IiKM0a2x7GZdQKOW5Exr8S1W24J6OgM1njK8xCRGvAJIL/MxXHf6SkmQKQ=="],
  }
}
